
Microsoft Visual Studio Solution File, Format Version 12.00
# Visual Studio Version 17
VisualStudioVersion = 17.9.34622.214
MinimumVisualStudioVersion = 10.0.40219.1
Project("{FAE04EC0-301F-11D3-BF4B-00C04F79EFBC}") = "CalculadoraApp", "CalculadoraApp\CalculadoraApp.csproj", "{D8480520-4896-4F12-AB59-A6052E39552D}"
	ProjectSection(ProjectDependencies) = postProject
		{5CC0363C-5757-42F0-B33C-3802CA4903B4} = {5CC0363C-5757-42F0-B33C-3802CA4903B4}
	EndProjectSection
EndProject
Project("{E24C65DC-7377-472B-9ABA-BC803B73C61A}") = "Calculadora", "Calculadora\", "{5CC0363C-5757-42F0-B33C-3802CA4903B4}"
	ProjectSection(WebsiteProperties) = preProject
		TargetFrameworkMoniker = ".NETFramework,Version%3Dv4.8"
		Debug.AspNetCompiler.VirtualPath = "/localhost_55797"
		Debug.AspNetCompiler.PhysicalPath = "Calculadora\"
		Debug.AspNetCompiler.TargetPath = "PrecompiledWeb\localhost_55797\"
		Debug.AspNetCompiler.Updateable = "true"
		Debug.AspNetCompiler.ForceOverwrite = "true"
		Debug.AspNetCompiler.FixedNames = "false"
		Debug.AspNetCompiler.Debug = "True"
		Release.AspNetCompiler.VirtualPath = "/localhost_55797"
		Release.AspNetCompiler.PhysicalPath = "Calculadora\"
		Release.AspNetCompiler.TargetPath = "PrecompiledWeb\localhost_55797\"
		Release.AspNetCompiler.Updateable = "true"
		Release.AspNetCompiler.ForceOverwrite = "true"
		Release.AspNetCompiler.FixedNames = "false"
		Release.AspNetCompiler.Debug = "False"
		VWDPort = "55797"
		SlnRelativePath = "Calculadora\"
		DefaultWebSiteLanguage = "Visual C#"
	EndProjectSection
EndProject
Global
	GlobalSection(SolutionConfigurationPlatforms) = preSolution
		Debug|Any CPU = Debug|Any CPU
		Release|Any CPU = Release|Any CPU
	EndGlobalSection
	GlobalSection(ProjectConfigurationPlatforms) = postSolution
		{D8480520-4896-4F12-AB59-A6052E39552D}.Debug|Any CPU.ActiveCfg = Debug|Any CPU
		{D8480520-4896-4F12-AB59-A6052E39552D}.Debug|Any CPU.Build.0 = Debug|Any CPU
		{D8480520-4896-4F12-AB59-A6052E39552D}.Release|Any CPU.ActiveCfg = Release|Any CPU
		{D8480520-4896-4F12-AB59-A6052E39552D}.Release|Any CPU.Build.0 = Release|Any CPU
		{5CC0363C-5757-42F0-B33C-3802CA4903B4}.Debug|Any CPU.ActiveCfg = Debug|Any CPU
		{5CC0363C-5757-42F0-B33C-3802CA4903B4}.Debug|Any CPU.Build.0 = Debug|Any CPU
		{5CC0363C-5757-42F0-B33C-3802CA4903B4}.Release|Any CPU.ActiveCfg = Debug|Any CPU
		{5CC0363C-5757-42F0-B33C-3802CA4903B4}.Release|Any CPU.Build.0 = Debug|Any CPU
	EndGlobalSection
	GlobalSection(SolutionProperties) = preSolution
		HideSolutionNode = FALSE
	EndGlobalSection
	GlobalSection(ExtensibilityGlobals) = postSolution
		SolutionGuid = {B1EFB73A-B890-464F-859F-D9D49BEDA7C6}
	EndGlobalSection
EndGlobal
